
Microsoft Visual Studio Solution File, Format Version 12.00
Project("{2150E333-8FDC-42A3-9474-1A3956D46DE8}") = "src", "src", "{14903BC7-53B0-4488-8FAC-B4E16E9C9D82}"
EndProject
Project("{FAE04EC0-301F-11D3-BF4B-00C04F79EFBC}") = "Lua.Runtime", "src\Lua.Runtime\Lua.Runtime.csproj", "{E69CF96A-B0CE-4359-9927-7AA4946B57AE}"
EndProject
Project("{2150E333-8FDC-42A3-9474-1A3956D46DE8}") = "test", "test", "{F6C36FF5-E5C1-4673-BAFD-D7F195F00837}"
EndProject
Project("{FAE04EC0-301F-11D3-BF4B-00C04F79EFBC}") = "Lua.Runtime.Tests", "test\Lua.Runtime.Tests\Lua.Runtime.Tests.csproj", "{E88758AD-363A-46C6-86CA-2CE0CE0449C0}"
EndProject
Project("{FAE04EC0-301F-11D3-BF4B-00C04F79EFBC}") = "Lua.Bytecode.Tests", "test\Lua.Bytecode.Tests\Lua.Bytecode.Tests.csproj", "{C4A77B66-72FF-4ECE-9EEC-CCCEDE7A538E}"
EndProject
Project("{FAE04EC0-301F-11D3-BF4B-00C04F79EFBC}") = "Lua.Bytecode", "src\Lua.Bytecode\Lua.Bytecode.csproj", "{16A4AABE-596A-4AF9-BF94-FA3532E77CF8}"
EndProject
Project("{FAE04EC0-301F-11D3-BF4B-00C04F79EFBC}") = "Lua.VM.Tests", "test\Lua.VM.Tests\Lua.VM.Tests.csproj", "{FCFACCB4-8B52-45D8-9E81-1A23EC868D33}"
EndProject
Project("{FAE04EC0-301F-11D3-BF4B-00C04F79EFBC}") = "Lua.VM", "src\Lua.VM\Lua.VM.csproj", "{2EEF647C-D108-46E1-93CE-B7CCDB70FA78}"
EndProject
Project("{FAE04EC0-301F-11D3-BF4B-00C04F79EFBC}") = "Lua.Syntax.Tests", "test\Lua.Syntax.Tests\Lua.Syntax.Tests.csproj", "{74876A2B-7B53-4B0A-A148-504CE9FB0238}"
EndProject
Project("{FAE04EC0-301F-11D3-BF4B-00C04F79EFBC}") = "Lua.Syntax", "src\Lua.Syntax\Lua.Syntax.csproj", "{CF0F96FC-6B5C-4ED4-A946-21D349C2122D}"
EndProject
Project("{FAE04EC0-301F-11D3-BF4B-00C04F79EFBC}") = "Lua.Compiler", "src\Lua.Compiler\Lua.Compiler.csproj", "{5939A557-F6D4-4462-81FC-391929DBDA27}"
EndProject
Project("{FAE04EC0-301F-11D3-BF4B-00C04F79EFBC}") = "Lua.Compiler.Tests", "test\Lua.Compiler.Tests\Lua.Compiler.Tests.csproj", "{469D1377-643C-4D8B-8B12-2B148895D23D}"
EndProject
Project("{FAE04EC0-301F-11D3-BF4B-00C04F79EFBC}") = "Lua.Cli", "src\Lua.Cli\Lua.Cli.csproj", "{16E86C9E-6185-47D7-8BEB-EF1F428E7250}"
EndProject
Project("{FAE04EC0-301F-11D3-BF4B-00C04F79EFBC}") = "Lua.Cli.Tests", "test\Lua.Cli.Tests\Lua.Cli.Tests.csproj", "{04F09DFB-DA36-4953-A42B-BBA5D59E1097}"
EndProject
Project("{FAE04EC0-301F-11D3-BF4B-00C04F79EFBC}") = "Lua.Compatibility.Tests", "test\Lua.Compatibility.Tests\Lua.Compatibility.Tests.csproj", "{08BEDD3B-140B-4AEB-B664-4FC9DE9DCE8E}"
EndProject
Global
	GlobalSection(SolutionConfigurationPlatforms) = preSolution
		Debug|Any CPU = Debug|Any CPU
		Debug|x64 = Debug|x64
		Debug|x86 = Debug|x86
		Release|Any CPU = Release|Any CPU
		Release|x64 = Release|x64
		Release|x86 = Release|x86
	EndGlobalSection
	GlobalSection(ProjectConfigurationPlatforms) = postSolution
		{E69CF96A-B0CE-4359-9927-7AA4946B57AE}.Debug|Any CPU.ActiveCfg = Debug|Any CPU
		{E69CF96A-B0CE-4359-9927-7AA4946B57AE}.Debug|Any CPU.Build.0 = Debug|Any CPU
		{E69CF96A-B0CE-4359-9927-7AA4946B57AE}.Debug|x64.ActiveCfg = Debug|Any CPU
		{E69CF96A-B0CE-4359-9927-7AA4946B57AE}.Debug|x64.Build.0 = Debug|Any CPU
		{E69CF96A-B0CE-4359-9927-7AA4946B57AE}.Debug|x86.ActiveCfg = Debug|Any CPU
		{E69CF96A-B0CE-4359-9927-7AA4946B57AE}.Debug|x86.Build.0 = Debug|Any CPU
		{E69CF96A-B0CE-4359-9927-7AA4946B57AE}.Release|Any CPU.ActiveCfg = Release|Any CPU
		{E69CF96A-B0CE-4359-9927-7AA4946B57AE}.Release|Any CPU.Build.0 = Release|Any CPU
		{E69CF96A-B0CE-4359-9927-7AA4946B57AE}.Release|x64.ActiveCfg = Release|Any CPU
		{E69CF96A-B0CE-4359-9927-7AA4946B57AE}.Release|x64.Build.0 = Release|Any CPU
		{E69CF96A-B0CE-4359-9927-7AA4946B57AE}.Release|x86.ActiveCfg = Release|Any CPU
		{E69CF96A-B0CE-4359-9927-7AA4946B57AE}.Release|x86.Build.0 = Release|Any CPU
		{E88758AD-363A-46C6-86CA-2CE0CE0449C0}.Debug|Any CPU.ActiveCfg = Debug|Any CPU
		{E88758AD-363A-46C6-86CA-2CE0CE0449C0}.Debug|Any CPU.Build.0 = Debug|Any CPU
		{E88758AD-363A-46C6-86CA-2CE0CE0449C0}.Debug|x64.ActiveCfg = Debug|Any CPU
		{E88758AD-363A-46C6-86CA-2CE0CE0449C0}.Debug|x64.Build.0 = Debug|Any CPU
		{E88758AD-363A-46C6-86CA-2CE0CE0449C0}.Debug|x86.ActiveCfg = Debug|Any CPU
		{E88758AD-363A-46C6-86CA-2CE0CE0449C0}.Debug|x86.Build.0 = Debug|Any CPU
		{E88758AD-363A-46C6-86CA-2CE0CE0449C0}.Release|Any CPU.ActiveCfg = Release|Any CPU
		{E88758AD-363A-46C6-86CA-2CE0CE0449C0}.Release|Any CPU.Build.0 = Release|Any CPU
		{E88758AD-363A-46C6-86CA-2CE0CE0449C0}.Release|x64.ActiveCfg = Release|Any CPU
		{E88758AD-363A-46C6-86CA-2CE0CE0449C0}.Release|x64.Build.0 = Release|Any CPU
		{E88758AD-363A-46C6-86CA-2CE0CE0449C0}.Release|x86.ActiveCfg = Release|Any CPU
		{E88758AD-363A-46C6-86CA-2CE0CE0449C0}.Release|x86.Build.0 = Release|Any CPU
		{C4A77B66-72FF-4ECE-9EEC-CCCEDE7A538E}.Debug|Any CPU.ActiveCfg = Debug|Any CPU
		{C4A77B66-72FF-4ECE-9EEC-CCCEDE7A538E}.Debug|Any CPU.Build.0 = Debug|Any CPU
		{C4A77B66-72FF-4ECE-9EEC-CCCEDE7A538E}.Debug|x64.ActiveCfg = Debug|Any CPU
		{C4A77B66-72FF-4ECE-9EEC-CCCEDE7A538E}.Debug|x64.Build.0 = Debug|Any CPU
		{C4A77B66-72FF-4ECE-9EEC-CCCEDE7A538E}.Debug|x86.ActiveCfg = Debug|Any CPU
		{C4A77B66-72FF-4ECE-9EEC-CCCEDE7A538E}.Debug|x86.Build.0 = Debug|Any CPU
		{C4A77B66-72FF-4ECE-9EEC-CCCEDE7A538E}.Release|Any CPU.ActiveCfg = Release|Any CPU
		{C4A77B66-72FF-4ECE-9EEC-CCCEDE7A538E}.Release|Any CPU.Build.0 = Release|Any CPU
		{C4A77B66-72FF-4ECE-9EEC-CCCEDE7A538E}.Release|x64.ActiveCfg = Release|Any CPU
		{C4A77B66-72FF-4ECE-9EEC-CCCEDE7A538E}.Release|x64.Build.0 = Release|Any CPU
		{C4A77B66-72FF-4ECE-9EEC-CCCEDE7A538E}.Release|x86.ActiveCfg = Release|Any CPU
		{C4A77B66-72FF-4ECE-9EEC-CCCEDE7A538E}.Release|x86.Build.0 = Release|Any CPU
		{16A4AABE-596A-4AF9-BF94-FA3532E77CF8}.Debug|Any CPU.ActiveCfg = Debug|Any CPU
		{16A4AABE-596A-4AF9-BF94-FA3532E77CF8}.Debug|Any CPU.Build.0 = Debug|Any CPU
		{16A4AABE-596A-4AF9-BF94-FA3532E77CF8}.Debug|x64.ActiveCfg = Debug|Any CPU
		{16A4AABE-596A-4AF9-BF94-FA3532E77CF8}.Debug|x64.Build.0 = Debug|Any CPU
		{16A4AABE-596A-4AF9-BF94-FA3532E77CF8}.Debug|x86.ActiveCfg = Debug|Any CPU
		{16A4AABE-596A-4AF9-BF94-FA3532E77CF8}.Debug|x86.Build.0 = Debug|Any CPU
		{16A4AABE-596A-4AF9-BF94-FA3532E77CF8}.Release|Any CPU.ActiveCfg = Release|Any CPU
		{16A4AABE-596A-4AF9-BF94-FA3532E77CF8}.Release|Any CPU.Build.0 = Release|Any CPU
		{16A4AABE-596A-4AF9-BF94-FA3532E77CF8}.Release|x64.ActiveCfg = Release|Any CPU
		{16A4AABE-596A-4AF9-BF94-FA3532E77CF8}.Release|x64.Build.0 = Release|Any CPU
		{16A4AABE-596A-4AF9-BF94-FA3532E77CF8}.Release|x86.ActiveCfg = Release|Any CPU
		{16A4AABE-596A-4AF9-BF94-FA3532E77CF8}.Release|x86.Build.0 = Release|Any CPU
		{FCFACCB4-8B52-45D8-9E81-1A23EC868D33}.Debug|Any CPU.ActiveCfg = Debug|Any CPU
		{FCFACCB4-8B52-45D8-9E81-1A23EC868D33}.Debug|Any CPU.Build.0 = Debug|Any CPU
		{FCFACCB4-8B52-45D8-9E81-1A23EC868D33}.Debug|x64.ActiveCfg = Debug|Any CPU
		{FCFACCB4-8B52-45D8-9E81-1A23EC868D33}.Debug|x64.Build.0 = Debug|Any CPU
		{FCFACCB4-8B52-45D8-9E81-1A23EC868D33}.Debug|x86.ActiveCfg = Debug|Any CPU
		{FCFACCB4-8B52-45D8-9E81-1A23EC868D33}.Debug|x86.Build.0 = Debug|Any CPU
		{FCFACCB4-8B52-45D8-9E81-1A23EC868D33}.Release|Any CPU.ActiveCfg = Release|Any CPU
		{FCFACCB4-8B52-45D8-9E81-1A23EC868D33}.Release|Any CPU.Build.0 = Release|Any CPU
		{FCFACCB4-8B52-45D8-9E81-1A23EC868D33}.Release|x64.ActiveCfg = Release|Any CPU
		{FCFACCB4-8B52-45D8-9E81-1A23EC868D33}.Release|x64.Build.0 = Release|Any CPU
		{FCFACCB4-8B52-45D8-9E81-1A23EC868D33}.Release|x86.ActiveCfg = Release|Any CPU
		{FCFACCB4-8B52-45D8-9E81-1A23EC868D33}.Release|x86.Build.0 = Release|Any CPU
		{2EEF647C-D108-46E1-93CE-B7CCDB70FA78}.Debug|Any CPU.ActiveCfg = Debug|Any CPU
		{2EEF647C-D108-46E1-93CE-B7CCDB70FA78}.Debug|Any CPU.Build.0 = Debug|Any CPU
		{2EEF647C-D108-46E1-93CE-B7CCDB70FA78}.Debug|x64.ActiveCfg = Debug|Any CPU
		{2EEF647C-D108-46E1-93CE-B7CCDB70FA78}.Debug|x64.Build.0 = Debug|Any CPU
		{2EEF647C-D108-46E1-93CE-B7CCDB70FA78}.Debug|x86.ActiveCfg = Debug|Any CPU
		{2EEF647C-D108-46E1-93CE-B7CCDB70FA78}.Debug|x86.Build.0 = Debug|Any CPU
		{2EEF647C-D108-46E1-93CE-B7CCDB70FA78}.Release|Any CPU.ActiveCfg = Release|Any CPU
		{2EEF647C-D108-46E1-93CE-B7CCDB70FA78}.Release|Any CPU.Build.0 = Release|Any CPU
		{2EEF647C-D108-46E1-93CE-B7CCDB70FA78}.Release|x64.ActiveCfg = Release|Any CPU
		{2EEF647C-D108-46E1-93CE-B7CCDB70FA78}.Release|x64.Build.0 = Release|Any CPU
		{2EEF647C-D108-46E1-93CE-B7CCDB70FA78}.Release|x86.ActiveCfg = Release|Any CPU
		{2EEF647C-D108-46E1-93CE-B7CCDB70FA78}.Release|x86.Build.0 = Release|Any CPU
		{74876A2B-7B53-4B0A-A148-504CE9FB0238}.Debug|Any CPU.ActiveCfg = Debug|Any CPU
		{74876A2B-7B53-4B0A-A148-504CE9FB0238}.Debug|Any CPU.Build.0 = Debug|Any CPU
		{74876A2B-7B53-4B0A-A148-504CE9FB0238}.Debug|x64.ActiveCfg = Debug|Any CPU
		{74876A2B-7B53-4B0A-A148-504CE9FB0238}.Debug|x64.Build.0 = Debug|Any CPU
		{74876A2B-7B53-4B0A-A148-504CE9FB0238}.Debug|x86.ActiveCfg = Debug|Any CPU
		{74876A2B-7B53-4B0A-A148-504CE9FB0238}.Debug|x86.Build.0 = Debug|Any CPU
		{74876A2B-7B53-4B0A-A148-504CE9FB0238}.Release|Any CPU.ActiveCfg = Release|Any CPU
		{74876A2B-7B53-4B0A-A148-504CE9FB0238}.Release|Any CPU.Build.0 = Release|Any CPU
		{74876A2B-7B53-4B0A-A148-504CE9FB0238}.Release|x64.ActiveCfg = Release|Any CPU
		{74876A2B-7B53-4B0A-A148-504CE9FB0238}.Release|x64.Build.0 = Release|Any CPU
		{74876A2B-7B53-4B0A-A148-504CE9FB0238}.Release|x86.ActiveCfg = Release|Any CPU
		{74876A2B-7B53-4B0A-A148-504CE9FB0238}.Release|x86.Build.0 = Release|Any CPU
		{CF0F96FC-6B5C-4ED4-A946-21D349C2122D}.Debug|Any CPU.ActiveCfg = Debug|Any CPU
		{CF0F96FC-6B5C-4ED4-A946-21D349C2122D}.Debug|Any CPU.Build.0 = Debug|Any CPU
		{CF0F96FC-6B5C-4ED4-A946-21D349C2122D}.Debug|x64.ActiveCfg = Debug|Any CPU
		{CF0F96FC-6B5C-4ED4-A946-21D349C2122D}.Debug|x64.Build.0 = Debug|Any CPU
		{CF0F96FC-6B5C-4ED4-A946-21D349C2122D}.Debug|x86.ActiveCfg = Debug|Any CPU
		{CF0F96FC-6B5C-4ED4-A946-21D349C2122D}.Debug|x86.Build.0 = Debug|Any CPU
		{CF0F96FC-6B5C-4ED4-A946-21D349C2122D}.Release|Any CPU.ActiveCfg = Release|Any CPU
		{CF0F96FC-6B5C-4ED4-A946-21D349C2122D}.Release|Any CPU.Build.0 = Release|Any CPU
		{CF0F96FC-6B5C-4ED4-A946-21D349C2122D}.Release|x64.ActiveCfg = Release|Any CPU
		{CF0F96FC-6B5C-4ED4-A946-21D349C2122D}.Release|x64.Build.0 = Release|Any CPU
		{CF0F96FC-6B5C-4ED4-A946-21D349C2122D}.Release|x86.ActiveCfg = Release|Any CPU
		{CF0F96FC-6B5C-4ED4-A946-21D349C2122D}.Release|x86.Build.0 = Release|Any CPU
		{5939A557-F6D4-4462-81FC-391929DBDA27}.Debug|Any CPU.ActiveCfg = Debug|Any CPU
		{5939A557-F6D4-4462-81FC-391929DBDA27}.Debug|Any CPU.Build.0 = Debug|Any CPU
		{5939A557-F6D4-4462-81FC-391929DBDA27}.Debug|x64.ActiveCfg = Debug|Any CPU
		{5939A557-F6D4-4462-81FC-391929DBDA27}.Debug|x64.Build.0 = Debug|Any CPU
		{5939A557-F6D4-4462-81FC-391929DBDA27}.Debug|x86.ActiveCfg = Debug|Any CPU
		{5939A557-F6D4-4462-81FC-391929DBDA27}.Debug|x86.Build.0 = Debug|Any CPU
		{5939A557-F6D4-4462-81FC-391929DBDA27}.Release|Any CPU.ActiveCfg = Release|Any CPU
		{5939A557-F6D4-4462-81FC-391929DBDA27}.Release|Any CPU.Build.0 = Release|Any CPU
		{5939A557-F6D4-4462-81FC-391929DBDA27}.Release|x64.ActiveCfg = Release|Any CPU
		{5939A557-F6D4-4462-81FC-391929DBDA27}.Release|x64.Build.0 = Release|Any CPU
		{5939A557-F6D4-4462-81FC-391929DBDA27}.Release|x86.ActiveCfg = Release|Any CPU
		{5939A557-F6D4-4462-81FC-391929DBDA27}.Release|x86.Build.0 = Release|Any CPU
		{469D1377-643C-4D8B-8B12-2B148895D23D}.Debug|Any CPU.ActiveCfg = Debug|Any CPU
		{469D1377-643C-4D8B-8B12-2B148895D23D}.Debug|Any CPU.Build.0 = Debug|Any CPU
		{469D1377-643C-4D8B-8B12-2B148895D23D}.Debug|x64.ActiveCfg = Debug|Any CPU
		{469D1377-643C-4D8B-8B12-2B148895D23D}.Debug|x64.Build.0 = Debug|Any CPU
		{469D1377-643C-4D8B-8B12-2B148895D23D}.Debug|x86.ActiveCfg = Debug|Any CPU
		{469D1377-643C-4D8B-8B12-2B148895D23D}.Debug|x86.Build.0 = Debug|Any CPU
		{469D1377-643C-4D8B-8B12-2B148895D23D}.Release|Any CPU.ActiveCfg = Release|Any CPU
		{469D1377-643C-4D8B-8B12-2B148895D23D}.Release|Any CPU.Build.0 = Release|Any CPU
		{469D1377-643C-4D8B-8B12-2B148895D23D}.Release|x64.ActiveCfg = Release|Any CPU
		{469D1377-643C-4D8B-8B12-2B148895D23D}.Release|x64.Build.0 = Release|Any CPU
		{469D1377-643C-4D8B-8B12-2B148895D23D}.Release|x86.ActiveCfg = Release|Any CPU
		{469D1377-643C-4D8B-8B12-2B148895D23D}.Release|x86.Build.0 = Release|Any CPU
		{16E86C9E-6185-47D7-8BEB-EF1F428E7250}.Debug|Any CPU.ActiveCfg = Debug|Any CPU
		{16E86C9E-6185-47D7-8BEB-EF1F428E7250}.Debug|Any CPU.Build.0 = Debug|Any CPU
		{16E86C9E-6185-47D7-8BEB-EF1F428E7250}.Debug|x64.ActiveCfg = Debug|Any CPU
		{16E86C9E-6185-47D7-8BEB-EF1F428E7250}.Debug|x64.Build.0 = Debug|Any CPU
		{16E86C9E-6185-47D7-8BEB-EF1F428E7250}.Debug|x86.ActiveCfg = Debug|Any CPU
		{16E86C9E-6185-47D7-8BEB-EF1F428E7250}.Debug|x86.Build.0 = Debug|Any CPU
		{16E86C9E-6185-47D7-8BEB-EF1F428E7250}.Release|Any CPU.ActiveCfg = Release|Any CPU
		{16E86C9E-6185-47D7-8BEB-EF1F428E7250}.Release|Any CPU.Build.0 = Release|Any CPU
		{16E86C9E-6185-47D7-8BEB-EF1F428E7250}.Release|x64.ActiveCfg = Release|Any CPU
		{16E86C9E-6185-47D7-8BEB-EF1F428E7250}.Release|x64.Build.0 = Release|Any CPU
		{16E86C9E-6185-47D7-8BEB-EF1F428E7250}.Release|x86.ActiveCfg = Release|Any CPU
		{16E86C9E-6185-47D7-8BEB-EF1F428E7250}.Release|x86.Build.0 = Release|Any CPU
		{04F09DFB-DA36-4953-A42B-BBA5D59E1097}.Debug|Any CPU.ActiveCfg = Debug|Any CPU
		{04F09DFB-DA36-4953-A42B-BBA5D59E1097}.Debug|Any CPU.Build.0 = Debug|Any CPU
		{04F09DFB-DA36-4953-A42B-BBA5D59E1097}.Debug|x64.ActiveCfg = Debug|Any CPU
		{04F09DFB-DA36-4953-A42B-BBA5D59E1097}.Debug|x64.Build.0 = Debug|Any CPU
		{04F09DFB-DA36-4953-A42B-BBA5D59E1097}.Debug|x86.ActiveCfg = Debug|Any CPU
		{04F09DFB-DA36-4953-A42B-BBA5D59E1097}.Debug|x86.Build.0 = Debug|Any CPU
		{04F09DFB-DA36-4953-A42B-BBA5D59E1097}.Release|Any CPU.ActiveCfg = Release|Any CPU
		{04F09DFB-DA36-4953-A42B-BBA5D59E1097}.Release|Any CPU.Build.0 = Release|Any CPU
		{04F09DFB-DA36-4953-A42B-BBA5D59E1097}.Release|x64.ActiveCfg = Release|Any CPU
		{04F09DFB-DA36-4953-A42B-BBA5D59E1097}.Release|x64.Build.0 = Release|Any CPU
		{04F09DFB-DA36-4953-A42B-BBA5D59E1097}.Release|x86.ActiveCfg = Release|Any CPU
		{04F09DFB-DA36-4953-A42B-BBA5D59E1097}.Release|x86.Build.0 = Release|Any CPU
		{08BEDD3B-140B-4AEB-B664-4FC9DE9DCE8E}.Debug|Any CPU.ActiveCfg = Debug|Any CPU
		{08BEDD3B-140B-4AEB-B664-4FC9DE9DCE8E}.Debug|Any CPU.Build.0 = Debug|Any CPU
		{08BEDD3B-140B-4AEB-B664-4FC9DE9DCE8E}.Debug|x64.ActiveCfg = Debug|Any CPU
		{08BEDD3B-140B-4AEB-B664-4FC9DE9DCE8E}.Debug|x64.Build.0 = Debug|Any CPU
		{08BEDD3B-140B-4AEB-B664-4FC9DE9DCE8E}.Debug|x86.ActiveCfg = Debug|Any CPU
		{08BEDD3B-140B-4AEB-B664-4FC9DE9DCE8E}.Debug|x86.Build.0 = Debug|Any CPU
		{08BEDD3B-140B-4AEB-B664-4FC9DE9DCE8E}.Release|Any CPU.ActiveCfg = Release|Any CPU
		{08BEDD3B-140B-4AEB-B664-4FC9DE9DCE8E}.Release|Any CPU.Build.0 = Release|Any CPU
		{08BEDD3B-140B-4AEB-B664-4FC9DE9DCE8E}.Release|x64.ActiveCfg = Release|Any CPU
		{08BEDD3B-140B-4AEB-B664-4FC9DE9DCE8E}.Release|x64.Build.0 = Release|Any CPU
		{08BEDD3B-140B-4AEB-B664-4FC9DE9DCE8E}.Release|x86.ActiveCfg = Release|Any CPU
		{08BEDD3B-140B-4AEB-B664-4FC9DE9DCE8E}.Release|x86.Build.0 = Release|Any CPU
	EndGlobalSection
	GlobalSection(SolutionProperties) = preSolution
		HideSolutionNode = FALSE
	EndGlobalSection
	GlobalSection(NestedProjects) = preSolution
		{E69CF96A-B0CE-4359-9927-7AA4946B57AE} = {14903BC7-53B0-4488-8FAC-B4E16E9C9D82}
		{E88758AD-363A-46C6-86CA-2CE0CE0449C0} = {F6C36FF5-E5C1-4673-BAFD-D7F195F00837}
		{C4A77B66-72FF-4ECE-9EEC-CCCEDE7A538E} = {F6C36FF5-E5C1-4673-BAFD-D7F195F00837}
		{16A4AABE-596A-4AF9-BF94-FA3532E77CF8} = {14903BC7-53B0-4488-8FAC-B4E16E9C9D82}
		{FCFACCB4-8B52-45D8-9E81-1A23EC868D33} = {F6C36FF5-E5C1-4673-BAFD-D7F195F00837}
		{2EEF647C-D108-46E1-93CE-B7CCDB70FA78} = {14903BC7-53B0-4488-8FAC-B4E16E9C9D82}
		{74876A2B-7B53-4B0A-A148-504CE9FB0238} = {F6C36FF5-E5C1-4673-BAFD-D7F195F00837}
		{CF0F96FC-6B5C-4ED4-A946-21D349C2122D} = {14903BC7-53B0-4488-8FAC-B4E16E9C9D82}
		{5939A557-F6D4-4462-81FC-391929DBDA27} = {14903BC7-53B0-4488-8FAC-B4E16E9C9D82}
		{469D1377-643C-4D8B-8B12-2B148895D23D} = {F6C36FF5-E5C1-4673-BAFD-D7F195F00837}
		{16E86C9E-6185-47D7-8BEB-EF1F428E7250} = {14903BC7-53B0-4488-8FAC-B4E16E9C9D82}
		{04F09DFB-DA36-4953-A42B-BBA5D59E1097} = {F6C36FF5-E5C1-4673-BAFD-D7F195F00837}
		{08BEDD3B-140B-4AEB-B664-4FC9DE9DCE8E} = {F6C36FF5-E5C1-4673-BAFD-D7F195F00837}
	EndGlobalSection
EndGlobal
